// !$*UTF8*$!
{
	archiveVersion = 1;
	classes = {
	};
	objectVersion = 55;
	objects = {

/* Begin PBXBuildFile section */
		772587F228143EA4005FA779 /* UIView+Extension.swift in Sources */ = {isa = PBXBuildFile; fileRef = 772587F128143EA4005FA779 /* UIView+Extension.swift */; };
		7738A9C12817401200152E25 /* HealthlebalCollectionViewCell.swift in Sources */ = {isa = PBXBuildFile; fileRef = 7738A9BF2817401200152E25 /* HealthlebalCollectionViewCell.swift */; };
		7738A9C22817401200152E25 /* HealthlebalCollectionViewCell.xib in Resources */ = {isa = PBXBuildFile; fileRef = 7738A9C02817401200152E25 /* HealthlebalCollectionViewCell.xib */; };
		7738A9C7281747CC00152E25 /* ResulteTableViewCell.swift in Sources */ = {isa = PBXBuildFile; fileRef = 7738A9C5281747CC00152E25 /* ResulteTableViewCell.swift */; };
		7738A9C8281747CD00152E25 /* ResulteTableViewCell.xib in Resources */ = {isa = PBXBuildFile; fileRef = 7738A9C6281747CC00152E25 /* ResulteTableViewCell.xib */; };
		7738A9CD28174F6A00152E25 /* UIImageView+extension.swift in Sources */ = {isa = PBXBuildFile; fileRef = 7738A9CC28174F6A00152E25 /* UIImageView+extension.swift */; };
		7738A9D02817506700152E25 /* Kingfisher in Frameworks */ = {isa = PBXBuildFile; productRef = 7738A9CF2817506700152E25 /* Kingfisher */; };
		778ADBBD2812D7530021EDFF /* AppDelegate.swift in Sources */ = {isa = PBXBuildFile; fileRef = 778ADBBC2812D7530021EDFF /* AppDelegate.swift */; };
		778ADBC62812D7550021EDFF /* Assets.xcassets in Resources */ = {isa = PBXBuildFile; fileRef = 778ADBC52812D7550021EDFF /* Assets.xcassets */; };
		778ADBC92812D7550021EDFF /* LaunchScreen.storyboard in Resources */ = {isa = PBXBuildFile; fileRef = 778ADBC72812D7550021EDFF /* LaunchScreen.storyboard */; };
		778ADBDB2812DCF00021EDFF /* APIRouter.swift in Sources */ = {isa = PBXBuildFile; fileRef = 778ADBDA2812DCF00021EDFF /* APIRouter.swift */; };
		778ADBDE2812DD8F0021EDFF /* NetworkConstant.swift in Sources */ = {isa = PBXBuildFile; fileRef = 778ADBDD2812DD8F0021EDFF /* NetworkConstant.swift */; };
		778ADBE02812DDBC0021EDFF /* ClientNetwork.swift in Sources */ = {isa = PBXBuildFile; fileRef = 778ADBDF2812DDBC0021EDFF /* ClientNetwork.swift */; };
		77AB2C7E2812E5A100C3055F /* Alamofire in Frameworks */ = {isa = PBXBuildFile; productRef = 77AB2C7D2812E5A100C3055F /* Alamofire */; };
		77AB2C812812E75900C3055F /* RxCocoa in Frameworks */ = {isa = PBXBuildFile; productRef = 77AB2C802812E75900C3055F /* RxCocoa */; };
		77AB2C832812E75900C3055F /* RxSwift in Frameworks */ = {isa = PBXBuildFile; productRef = 77AB2C822812E75900C3055F /* RxSwift */; };
		77AB2C852812E7F100C3055F /* AppCoordinator.swift in Sources */ = {isa = PBXBuildFile; fileRef = 77AB2C842812E7F100C3055F /* AppCoordinator.swift */; };
		77AB2C872812E83E00C3055F /* MainNavigator.swift in Sources */ = {isa = PBXBuildFile; fileRef = 77AB2C862812E83E00C3055F /* MainNavigator.swift */; };
		77AB2C892812E8A300C3055F /* Navigator.swift in Sources */ = {isa = PBXBuildFile; fileRef = 77AB2C882812E8A300C3055F /* Navigator.swift */; };
		77AB2C8C2812EB9B00C3055F /* RecipeSearchVC.swift in Sources */ = {isa = PBXBuildFile; fileRef = 77AB2C8A2812EB9B00C3055F /* RecipeSearchVC.swift */; };
		77AB2C8D2812EB9B00C3055F /* RecipeSearchVC.xib in Resources */ = {isa = PBXBuildFile; fileRef = 77AB2C8B2812EB9B00C3055F /* RecipeSearchVC.xib */; };
		77AB2C902812EBE100C3055F /* BaseWireFrame.swift in Sources */ = {isa = PBXBuildFile; fileRef = 77AB2C8F2812EBE100C3055F /* BaseWireFrame.swift */; };
		77AB2C942812ED8400C3055F /* RecipeSearchViewModel.swift in Sources */ = {isa = PBXBuildFile; fileRef = 77AB2C932812ED8400C3055F /* RecipeSearchViewModel.swift */; };
		77AB2C982812F2C200C3055F /* UIColor+Extension.swift in Sources */ = {isa = PBXBuildFile; fileRef = 77AB2C972812F2C200C3055F /* UIColor+Extension.swift */; };
		77AB2C9A2812F53E00C3055F /* RecipeRepository.swift in Sources */ = {isa = PBXBuildFile; fileRef = 77AB2C992812F53E00C3055F /* RecipeRepository.swift */; };
		77AB2CD52812F85A00C3055F /* Recipe.swift in Sources */ = {isa = PBXBuildFile; fileRef = 77AB2CA32812F85A00C3055F /* Recipe.swift */; };
		77AB2CE92812F85A00C3055F /* RecipeSearchModel.swift in Sources */ = {isa = PBXBuildFile; fileRef = 77AB2CB72812F85A00C3055F /* RecipeSearchModel.swift */; };
		77AB2CFB2812F85A00C3055F /* Ingredients.swift in Sources */ = {isa = PBXBuildFile; fileRef = 77AB2CC92812F85A00C3055F /* Ingredients.swift */; };
		77AB2D002812F85A00C3055F /* Hits.swift in Sources */ = {isa = PBXBuildFile; fileRef = 77AB2CCE2812F85A00C3055F /* Hits.swift */; };
		77AB2D022812FB5000C3055F /* RecipeRouter.swift in Sources */ = {isa = PBXBuildFile; fileRef = 77AB2D012812FB5000C3055F /* RecipeRouter.swift */; };
		77C03C272813440900845772 /* String+Extension.swift in Sources */ = {isa = PBXBuildFile; fileRef = 77C03C262813440900845772 /* String+Extension.swift */; };
		77C03C2C281344D100845772 /* NextItemlinks.swift in Sources */ = {isa = PBXBuildFile; fileRef = 77C03C2A281344D100845772 /* NextItemlinks.swift */; };
		77C03C2D281344D100845772 /* link.swift in Sources */ = {isa = PBXBuildFile; fileRef = 77C03C2B281344D100845772 /* link.swift */; };
/* End PBXBuildFile section */

/* Begin PBXFileReference section */
		772587F128143EA4005FA779 /* UIView+Extension.swift */ = {isa = PBXFileReference; lastKnownFileType = sourcecode.swift; path = "UIView+Extension.swift"; sourceTree = "<group>"; };
		7738A9BF2817401200152E25 /* HealthlebalCollectionViewCell.swift */ = {isa = PBXFileReference; lastKnownFileType = sourcecode.swift; path = HealthlebalCollectionViewCell.swift; sourceTree = "<group>"; };
		7738A9C02817401200152E25 /* HealthlebalCollectionViewCell.xib */ = {isa = PBXFileReference; lastKnownFileType = file.xib; path = HealthlebalCollectionViewCell.xib; sourceTree = "<group>"; };
		7738A9C5281747CC00152E25 /* ResulteTableViewCell.swift */ = {isa = PBXFileReference; lastKnownFileType = sourcecode.swift; path = ResulteTableViewCell.swift; sourceTree = "<group>"; };
		7738A9C6281747CC00152E25 /* ResulteTableViewCell.xib */ = {isa = PBXFileReference; lastKnownFileType = file.xib; path = ResulteTableViewCell.xib; sourceTree = "<group>"; };
		7738A9CC28174F6A00152E25 /* UIImageView+extension.swift */ = {isa = PBXFileReference; lastKnownFileType = sourcecode.swift; path = "UIImageView+extension.swift"; sourceTree = "<group>"; };
		778ADBB92812D7530021EDFF /* RecipeSearch.app */ = {isa = PBXFileReference; explicitFileType = wrapper.application; includeInIndex = 0; path = RecipeSearch.app; sourceTree = BUILT_PRODUCTS_DIR; };
		778ADBBC2812D7530021EDFF /* AppDelegate.swift */ = {isa = PBXFileReference; lastKnownFileType = sourcecode.swift; path = AppDelegate.swift; sourceTree = "<group>"; };
		778ADBC52812D7550021EDFF /* Assets.xcassets */ = {isa = PBXFileReference; lastKnownFileType = folder.assetcatalog; path = Assets.xcassets; sourceTree = "<group>"; };
		778ADBC82812D7550021EDFF /* Base */ = {isa = PBXFileReference; lastKnownFileType = file.storyboard; name = Base; path = Base.lproj/LaunchScreen.storyboard; sourceTree = "<group>"; };
		778ADBCA2812D7550021EDFF /* Info.plist */ = {isa = PBXFileReference; lastKnownFileType = text.plist.xml; path = Info.plist; sourceTree = "<group>"; };
		778ADBDA2812DCF00021EDFF /* APIRouter.swift */ = {isa = PBXFileReference; lastKnownFileType = sourcecode.swift; path = APIRouter.swift; sourceTree = "<group>"; };
		778ADBDD2812DD8F0021EDFF /* NetworkConstant.swift */ = {isa = PBXFileReference; lastKnownFileType = sourcecode.swift; path = NetworkConstant.swift; sourceTree = "<group>"; };
		778ADBDF2812DDBC0021EDFF /* ClientNetwork.swift */ = {isa = PBXFileReference; lastKnownFileType = sourcecode.swift; path = ClientNetwork.swift; sourceTree = "<group>"; };
		77AB2C842812E7F100C3055F /* AppCoordinator.swift */ = {isa = PBXFileReference; lastKnownFileType = sourcecode.swift; path = AppCoordinator.swift; sourceTree = "<group>"; };
		77AB2C862812E83E00C3055F /* MainNavigator.swift */ = {isa = PBXFileReference; lastKnownFileType = sourcecode.swift; path = MainNavigator.swift; sourceTree = "<group>"; };
		77AB2C882812E8A300C3055F /* Navigator.swift */ = {isa = PBXFileReference; lastKnownFileType = sourcecode.swift; path = Navigator.swift; sourceTree = "<group>"; };
		77AB2C8A2812EB9B00C3055F /* RecipeSearchVC.swift */ = {isa = PBXFileReference; lastKnownFileType = sourcecode.swift; path = RecipeSearchVC.swift; sourceTree = "<group>"; };
		77AB2C8B2812EB9B00C3055F /* RecipeSearchVC.xib */ = {isa = PBXFileReference; lastKnownFileType = file.xib; path = RecipeSearchVC.xib; sourceTree = "<group>"; };
		77AB2C8F2812EBE100C3055F /* BaseWireFrame.swift */ = {isa = PBXFileReference; fileEncoding = 4; lastKnownFileType = sourcecode.swift; path = BaseWireFrame.swift; sourceTree = "<group>"; };
		77AB2C932812ED8400C3055F /* RecipeSearchViewModel.swift */ = {isa = PBXFileReference; lastKnownFileType = sourcecode.swift; path = RecipeSearchViewModel.swift; sourceTree = "<group>"; };
		77AB2C972812F2C200C3055F /* UIColor+Extension.swift */ = {isa = PBXFileReference; lastKnownFileType = sourcecode.swift; path = "UIColor+Extension.swift"; sourceTree = "<group>"; };
		77AB2C992812F53E00C3055F /* RecipeRepository.swift */ = {isa = PBXFileReference; lastKnownFileType = sourcecode.swift; path = RecipeRepository.swift; sourceTree = "<group>"; };
		77AB2CA32812F85A00C3055F /* Recipe.swift */ = {isa = PBXFileReference; fileEncoding = 4; lastKnownFileType = sourcecode.swift; path = Recipe.swift; sourceTree = "<group>"; };
		77AB2CB72812F85A00C3055F /* RecipeSearchModel.swift */ = {isa = PBXFileReference; fileEncoding = 4; lastKnownFileType = sourcecode.swift; path = RecipeSearchModel.swift; sourceTree = "<group>"; };
		77AB2CC92812F85A00C3055F /* Ingredients.swift */ = {isa = PBXFileReference; fileEncoding = 4; lastKnownFileType = sourcecode.swift; path = Ingredients.swift; sourceTree = "<group>"; };
		77AB2CCE2812F85A00C3055F /* Hits.swift */ = {isa = PBXFileReference; fileEncoding = 4; lastKnownFileType = sourcecode.swift; path = Hits.swift; sourceTree = "<group>"; };
		77AB2D012812FB5000C3055F /* RecipeRouter.swift */ = {isa = PBXFileReference; lastKnownFileType = sourcecode.swift; path = RecipeRouter.swift; sourceTree = "<group>"; };
		77C03C262813440900845772 /* String+Extension.swift */ = {isa = PBXFileReference; lastKnownFileType = sourcecode.swift; path = "String+Extension.swift"; sourceTree = "<group>"; };
		77C03C2A281344D100845772 /* NextItemlinks.swift */ = {isa = PBXFileReference; fileEncoding = 4; lastKnownFileType = sourcecode.swift; path = NextItemlinks.swift; sourceTree = "<group>"; };
		77C03C2B281344D100845772 /* link.swift */ = {isa = PBXFileReference; fileEncoding = 4; lastKnownFileType = sourcecode.swift; path = link.swift; sourceTree = "<group>"; };
/* End PBXFileReference section */

/* Begin PBXFrameworksBuildPhase section */
		778ADBB62812D7530021EDFF /* Frameworks */ = {
			isa = PBXFrameworksBuildPhase;
			buildActionMask = 2147483647;
			files = (
				7738A9D02817506700152E25 /* Kingfisher in Frameworks */,
				77AB2C832812E75900C3055F /* RxSwift in Frameworks */,
				77AB2C812812E75900C3055F /* RxCocoa in Frameworks */,
				77AB2C7E2812E5A100C3055F /* Alamofire in Frameworks */,
			);
			runOnlyForDeploymentPostprocessing = 0;
		};
/* End PBXFrameworksBuildPhase section */

/* Begin PBXGroup section */
		7738A9BE28173FAA00152E25 /* cells */ = {
			isa = PBXGroup;
			children = (
				7738A9C32817474F00152E25 /* healthyCollectionviewCell */,
				7738A9C42817476900152E25 /* ResulteTableViewCell */,
			);
			path = cells;
			sourceTree = "<group>";
		};
		7738A9C32817474F00152E25 /* healthyCollectionviewCell */ = {
			isa = PBXGroup;
			children = (
				7738A9BF2817401200152E25 /* HealthlebalCollectionViewCell.swift */,
				7738A9C02817401200152E25 /* HealthlebalCollectionViewCell.xib */,
			);
			path = healthyCollectionviewCell;
			sourceTree = "<group>";
		};
		7738A9C42817476900152E25 /* ResulteTableViewCell */ = {
			isa = PBXGroup;
			children = (
				7738A9C5281747CC00152E25 /* ResulteTableViewCell.swift */,
				7738A9C6281747CC00152E25 /* ResulteTableViewCell.xib */,
			);
			path = ResulteTableViewCell;
			sourceTree = "<group>";
		};
		7738A9D128176D8D00152E25 /* RecipeSearchVC */ = {
			isa = PBXGroup;
			children = (
				7738A9BE28173FAA00152E25 /* cells */,
				77AB2C9C2812F85A00C3055F /* Model */,
				77AB2C8A2812EB9B00C3055F /* RecipeSearchVC.swift */,
				77AB2C8B2812EB9B00C3055F /* RecipeSearchVC.xib */,
				77AB2C932812ED8400C3055F /* RecipeSearchViewModel.swift */,
			);
			path = RecipeSearchVC;
			sourceTree = "<group>";
		};
		7738A9D228176DAC00152E25 /* RecipeDetailesVC */ = {
			isa = PBXGroup;
			children = (
			);
			path = RecipeDetailesVC;
			sourceTree = "<group>";
		};
		778ADBB02812D7530021EDFF = {
			isa = PBXGroup;
			children = (
				778ADBBB2812D7530021EDFF /* RecipeSearch */,
				778ADBBA2812D7530021EDFF /* Products */,
			);
			sourceTree = "<group>";
		};
		778ADBBA2812D7530021EDFF /* Products */ = {
			isa = PBXGroup;
			children = (
				778ADBB92812D7530021EDFF /* RecipeSearch.app */,
			);
			name = Products;
			sourceTree = "<group>";
		};
		778ADBBB2812D7530021EDFF /* RecipeSearch */ = {
			isa = PBXGroup;
			children = (
				77AB2C952812F28F00C3055F /* Extension */,
				77AB2C8E2812EBCF00C3055F /* Core */,
				778ADBD72812DC0D0021EDFF /* Resources */,
				778ADBD42812D9B90021EDFF /* NetworkManger */,
				778ADBD32812D9AA0021EDFF /* Repository */,
				778ADBD52812DA380021EDFF /* Coordinator */,
				778ADBD62812DB2A0021EDFF /* Medules */,
				778ADBD82812DC1E0021EDFF /* AppDelegate */,
				778ADBCA2812D7550021EDFF /* Info.plist */,
			);
			path = RecipeSearch;
			sourceTree = "<group>";
		};
		778ADBD32812D9AA0021EDFF /* Repository */ = {
			isa = PBXGroup;
			children = (
				77AB2C992812F53E00C3055F /* RecipeRepository.swift */,
			);
			path = Repository;
			sourceTree = "<group>";
		};
		778ADBD42812D9B90021EDFF /* NetworkManger */ = {
			isa = PBXGroup;
			children = (
				778ADBDC2812DD4D0021EDFF /* ClientNetwork */,
				778ADBD92812DCDD0021EDFF /* Router */,
			);
			path = NetworkManger;
			sourceTree = "<group>";
		};
		778ADBD52812DA380021EDFF /* Coordinator */ = {
			isa = PBXGroup;
			children = (
				77AB2C842812E7F100C3055F /* AppCoordinator.swift */,
				77AB2C862812E83E00C3055F /* MainNavigator.swift */,
				77AB2C882812E8A300C3055F /* Navigator.swift */,
			);
			path = Coordinator;
			sourceTree = "<group>";
		};
		778ADBD62812DB2A0021EDFF /* Medules */ = {
			isa = PBXGroup;
			children = (
				7738A9D228176DAC00152E25 /* RecipeDetailesVC */,
				7738A9D128176D8D00152E25 /* RecipeSearchVC */,
			);
			path = Medules;
			sourceTree = "<group>";
		};
		778ADBD72812DC0D0021EDFF /* Resources */ = {
			isa = PBXGroup;
			children = (
				778ADBC52812D7550021EDFF /* Assets.xcassets */,
				778ADBC72812D7550021EDFF /* LaunchScreen.storyboard */,
			);
			path = Resources;
			sourceTree = "<group>";
		};
		778ADBD82812DC1E0021EDFF /* AppDelegate */ = {
			isa = PBXGroup;
			children = (
				778ADBBC2812D7530021EDFF /* AppDelegate.swift */,
			);
			path = AppDelegate;
			sourceTree = "<group>";
		};
		778ADBD92812DCDD0021EDFF /* Router */ = {
			isa = PBXGroup;
			children = (
				778ADBDA2812DCF00021EDFF /* APIRouter.swift */,
				77AB2D012812FB5000C3055F /* RecipeRouter.swift */,
			);
			path = Router;
			sourceTree = "<group>";
		};
		778ADBDC2812DD4D0021EDFF /* ClientNetwork */ = {
			isa = PBXGroup;
			children = (
				778ADBDD2812DD8F0021EDFF /* NetworkConstant.swift */,
				778ADBDF2812DDBC0021EDFF /* ClientNetwork.swift */,
			);
			path = ClientNetwork;
			sourceTree = "<group>";
		};
		77AB2C8E2812EBCF00C3055F /* Core */ = {
			isa = PBXGroup;
			children = (
				77AB2C8F2812EBE100C3055F /* BaseWireFrame.swift */,
			);
			path = Core;
			sourceTree = "<group>";
		};
		77AB2C952812F28F00C3055F /* Extension */ = {
			isa = PBXGroup;
			children = (
				77AB2C972812F2C200C3055F /* UIColor+Extension.swift */,
				77C03C262813440900845772 /* String+Extension.swift */,
				772587F128143EA4005FA779 /* UIView+Extension.swift */,
				7738A9CC28174F6A00152E25 /* UIImageView+extension.swift */,
			);
			path = Extension;
			sourceTree = "<group>";
		};
		77AB2C9C2812F85A00C3055F /* Model */ = {
			isa = PBXGroup;
			children = (
				77C03C2A281344D100845772 /* NextItemlinks.swift */,
				77C03C2B281344D100845772 /* link.swift */,
				77AB2CA32812F85A00C3055F /* Recipe.swift */,
				77AB2CB72812F85A00C3055F /* RecipeSearchModel.swift */,
				77AB2CC92812F85A00C3055F /* Ingredients.swift */,
				77AB2CCE2812F85A00C3055F /* Hits.swift */,
			);
			path = Model;
			sourceTree = "<group>";
		};
/* End PBXGroup section */

/* Begin PBXNativeTarget section */
		778ADBB82812D7530021EDFF /* RecipeSearch */ = {
			isa = PBXNativeTarget;
			buildConfigurationList = 778ADBCD2812D7550021EDFF /* Build configuration list for PBXNativeTarget "RecipeSearch" */;
			buildPhases = (
				778ADBB52812D7530021EDFF /* Sources */,
				778ADBB62812D7530021EDFF /* Frameworks */,
				778ADBB72812D7530021EDFF /* Resources */,
			);
			buildRules = (
			);
			dependencies = (
			);
			name = RecipeSearch;
			packageProductDependencies = (
				77AB2C7D2812E5A100C3055F /* Alamofire */,
				77AB2C802812E75900C3055F /* RxCocoa */,
				77AB2C822812E75900C3055F /* RxSwift */,
				7738A9CF2817506700152E25 /* Kingfisher */,
			);
			productName = RecipeSearch;
			productReference = 778ADBB92812D7530021EDFF /* RecipeSearch.app */;
			productType = "com.apple.product-type.application";
		};
/* End PBXNativeTarget section */

/* Begin PBXProject section */
		778ADBB12812D7530021EDFF /* Project object */ = {
			isa = PBXProject;
			attributes = {
				BuildIndependentTargetsInParallel = 1;
				LastSwiftUpdateCheck = 1320;
				LastUpgradeCheck = 1320;
				TargetAttributes = {
					778ADBB82812D7530021EDFF = {
						CreatedOnToolsVersion = 13.2.1;
					};
				};
			};
			buildConfigurationList = 778ADBB42812D7530021EDFF /* Build configuration list for PBXProject "RecipeSearch" */;
			compatibilityVersion = "Xcode 13.0";
			developmentRegion = en;
			hasScannedForEncodings = 0;
			knownRegions = (
				en,
				Base,
			);
			mainGroup = 778ADBB02812D7530021EDFF;
			packageReferences = (
				77AB2C7C2812E5A100C3055F /* XCRemoteSwiftPackageReference "Alamofire" */,
				77AB2C7F2812E75900C3055F /* XCRemoteSwiftPackageReference "RxSwift" */,
				7738A9CE2817506700152E25 /* XCRemoteSwiftPackageReference "Kingfisher" */,
			);
			productRefGroup = 778ADBBA2812D7530021EDFF /* Products */;
			projectDirPath = "";
			projectRoot = "";
			targets = (
				778ADBB82812D7530021EDFF /* RecipeSearch */,
			);
		};
/* End PBXProject section */

/* Begin PBXResourcesBuildPhase section */
		778ADBB72812D7530021EDFF /* Resources */ = {
			isa = PBXResourcesBuildPhase;
			buildActionMask = 2147483647;
			files = (
				77AB2C8D2812EB9B00C3055F /* RecipeSearchVC.xib in Resources */,
				7738A9C22817401200152E25 /* HealthlebalCollectionViewCell.xib in Resources */,
				778ADBC92812D7550021EDFF /* LaunchScreen.storyboard in Resources */,
				778ADBC62812D7550021EDFF /* Assets.xcassets in Resources */,
				7738A9C8281747CD00152E25 /* ResulteTableViewCell.xib in Resources */,
			);
			runOnlyForDeploymentPostprocessing = 0;
		};
/* End PBXResourcesBuildPhase section */

/* Begin PBXSourcesBuildPhase section */
		778ADBB52812D7530021EDFF /* Sources */ = {
			isa = PBXSourcesBuildPhase;
			buildActionMask = 2147483647;
			files = (
				77AB2C902812EBE100C3055F /* BaseWireFrame.swift in Sources */,
				77AB2C892812E8A300C3055F /* Navigator.swift in Sources */,
				778ADBBD2812D7530021EDFF /* AppDelegate.swift in Sources */,
				77AB2D022812FB5000C3055F /* RecipeRouter.swift in Sources */,
				77AB2C982812F2C200C3055F /* UIColor+Extension.swift in Sources */,
				77C03C272813440900845772 /* String+Extension.swift in Sources */,
				77AB2CE92812F85A00C3055F /* RecipeSearchModel.swift in Sources */,
				77C03C2D281344D100845772 /* link.swift in Sources */,
				778ADBDE2812DD8F0021EDFF /* NetworkConstant.swift in Sources */,
				7738A9C7281747CC00152E25 /* ResulteTableViewCell.swift in Sources */,
				7738A9CD28174F6A00152E25 /* UIImageView+extension.swift in Sources */,
				77AB2C852812E7F100C3055F /* AppCoordinator.swift in Sources */,
				778ADBDB2812DCF00021EDFF /* APIRouter.swift in Sources */,
				77AB2C872812E83E00C3055F /* MainNavigator.swift in Sources */,
				77AB2C8C2812EB9B00C3055F /* RecipeSearchVC.swift in Sources */,
				77AB2C9A2812F53E00C3055F /* RecipeRepository.swift in Sources */,
				77AB2CFB2812F85A00C3055F /* Ingredients.swift in Sources */,
				7738A9C12817401200152E25 /* HealthlebalCollectionViewCell.swift in Sources */,
				77AB2C942812ED8400C3055F /* RecipeSearchViewModel.swift in Sources */,
				778ADBE02812DDBC0021EDFF /* ClientNetwork.swift in Sources */,
				77AB2CD52812F85A00C3055F /* Recipe.swift in Sources */,
				77C03C2C281344D100845772 /* NextItemlinks.swift in Sources */,
				772587F228143EA4005FA779 /* UIView+Extension.swift in Sources */,
				77AB2D002812F85A00C3055F /* Hits.swift in Sources */,
			);
			runOnlyForDeploymentPostprocessing = 0;
		};
/* End PBXSourcesBuildPhase section */

/* Begin PBXVariantGroup section */
		778ADBC72812D7550021EDFF /* LaunchScreen.storyboard */ = {
			isa = PBXVariantGroup;
			children = (
				778ADBC82812D7550021EDFF /* Base */,
			);
			name = LaunchScreen.storyboard;
			sourceTree = "<group>";
		};
/* End PBXVariantGroup section */

/* Begin XCBuildConfiguration section */
		778ADBCB2812D7550021EDFF /* Debug */ = {
			isa = XCBuildConfiguration;
			buildSettings = {
				ALWAYS_SEARCH_USER_PATHS = NO;
				CLANG_ANALYZER_NONNULL = YES;
				CLANG_ANALYZER_NUMBER_OBJECT_CONVERSION = YES_AGGRESSIVE;
				CLANG_CXX_LANGUAGE_STANDARD = "gnu++17";
				CLANG_CXX_LIBRARY = "libc++";
				CLANG_ENABLE_MODULES = YES;
				CLANG_ENABLE_OBJC_ARC = YES;
				CLANG_ENABLE_OBJC_WEAK = YES;
				CLANG_WARN_BLOCK_CAPTURE_AUTORELEASING = YES;
				CLANG_WARN_BOOL_CONVERSION = YES;
				CLANG_WARN_COMMA = YES;
				CLANG_WARN_CONSTANT_CONVERSION = YES;
				CLANG_WARN_DEPRECATED_OBJC_IMPLEMENTATIONS = YES;
				CLANG_WARN_DIRECT_OBJC_ISA_USAGE = YES_ERROR;
				CLANG_WARN_DOCUMENTATION_COMMENTS = YES;
				CLANG_WARN_EMPTY_BODY = YES;
				CLANG_WARN_ENUM_CONVERSION = YES;
				CLANG_WARN_INFINITE_RECURSION = YES;
				CLANG_WARN_INT_CONVERSION = YES;
				CLANG_WARN_NON_LITERAL_NULL_CONVERSION = YES;
				CLANG_WARN_OBJC_IMPLICIT_RETAIN_SELF = YES;
				CLANG_WARN_OBJC_LITERAL_CONVERSION = YES;
				CLANG_WARN_OBJC_ROOT_CLASS = YES_ERROR;
				CLANG_WARN_QUOTED_INCLUDE_IN_FRAMEWORK_HEADER = YES;
				CLANG_WARN_RANGE_LOOP_ANALYSIS = YES;
				CLANG_WARN_STRICT_PROTOTYPES = YES;
				CLANG_WARN_SUSPICIOUS_MOVE = YES;
				CLANG_WARN_UNGUARDED_AVAILABILITY = YES_AGGRESSIVE;
				CLANG_WARN_UNREACHABLE_CODE = YES;
				CLANG_WARN__DUPLICATE_METHOD_MATCH = YES;
				COPY_PHASE_STRIP = NO;
				DEBUG_INFORMATION_FORMAT = dwarf;
				ENABLE_STRICT_OBJC_MSGSEND = YES;
				ENABLE_TESTABILITY = YES;
				GCC_C_LANGUAGE_STANDARD = gnu11;
				GCC_DYNAMIC_NO_PIC = NO;
				GCC_NO_COMMON_BLOCKS = YES;
				GCC_OPTIMIZATION_LEVEL = 0;
				GCC_PREPROCESSOR_DEFINITIONS = (
					"DEBUG=1",
					"$(inherited)",
				);
				GCC_WARN_64_TO_32_BIT_CONVERSION = YES;
				GCC_WARN_ABOUT_RETURN_TYPE = YES_ERROR;
				GCC_WARN_UNDECLARED_SELECTOR = YES;
				GCC_WARN_UNINITIALIZED_AUTOS = YES_AGGRESSIVE;
				GCC_WARN_UNUSED_FUNCTION = YES;
				GCC_WARN_UNUSED_VARIABLE = YES;
				IPHONEOS_DEPLOYMENT_TARGET = 11.0;
				MTL_ENABLE_DEBUG_INFO = INCLUDE_SOURCE;
				MTL_FAST_MATH = YES;
				ONLY_ACTIVE_ARCH = YES;
				SDKROOT = iphoneos;
				SWIFT_ACTIVE_COMPILATION_CONDITIONS = DEBUG;
				SWIFT_OPTIMIZATION_LEVEL = "-Onone";
			};
			name = Debug;
		};
		778ADBCC2812D7550021EDFF /* Release */ = {
			isa = XCBuildConfiguration;
			buildSettings = {
				ALWAYS_SEARCH_USER_PATHS = NO;
				CLANG_ANALYZER_NONNULL = YES;
				CLANG_ANALYZER_NUMBER_OBJECT_CONVERSION = YES_AGGRESSIVE;
				CLANG_CXX_LANGUAGE_STANDARD = "gnu++17";
				CLANG_CXX_LIBRARY = "libc++";
				CLANG_ENABLE_MODULES = YES;
				CLANG_ENABLE_OBJC_ARC = YES;
				CLANG_ENABLE_OBJC_WEAK = YES;
				CLANG_WARN_BLOCK_CAPTURE_AUTORELEASING = YES;
				CLANG_WARN_BOOL_CONVERSION = YES;
				CLANG_WARN_COMMA = YES;
				CLANG_WARN_CONSTANT_CONVERSION = YES;
				CLANG_WARN_DEPRECATED_OBJC_IMPLEMENTATIONS = YES;
				CLANG_WARN_DIRECT_OBJC_ISA_USAGE = YES_ERROR;
				CLANG_WARN_DOCUMENTATION_COMMENTS = YES;
				CLANG_WARN_EMPTY_BODY = YES;
				CLANG_WARN_ENUM_CONVERSION = YES;
				CLANG_WARN_INFINITE_RECURSION = YES;
				CLANG_WARN_INT_CONVERSION = YES;
				CLANG_WARN_NON_LITERAL_NULL_CONVERSION = YES;
				CLANG_WARN_OBJC_IMPLICIT_RETAIN_SELF = YES;
				CLANG_WARN_OBJC_LITERAL_CONVERSION = YES;
				CLANG_WARN_OBJC_ROOT_CLASS = YES_ERROR;
				CLANG_WARN_QUOTED_INCLUDE_IN_FRAMEWORK_HEADER = YES;
				CLANG_WARN_RANGE_LOOP_ANALYSIS = YES;
				CLANG_WARN_STRICT_PROTOTYPES = YES;
				CLANG_WARN_SUSPICIOUS_MOVE = YES;
				CLANG_WARN_UNGUARDED_AVAILABILITY = YES_AGGRESSIVE;
				CLANG_WARN_UNREACHABLE_CODE = YES;
				CLANG_WARN__DUPLICATE_METHOD_MATCH = YES;
				COPY_PHASE_STRIP = NO;
				DEBUG_INFORMATION_FORMAT = "dwarf-with-dsym";
				ENABLE_NS_ASSERTIONS = NO;
				ENABLE_STRICT_OBJC_MSGSEND = YES;
				GCC_C_LANGUAGE_STANDARD = gnu11;
				GCC_NO_COMMON_BLOCKS = YES;
				GCC_WARN_64_TO_32_BIT_CONVERSION = YES;
				GCC_WARN_ABOUT_RETURN_TYPE = YES_ERROR;
				GCC_WARN_UNDECLARED_SELECTOR = YES;
				GCC_WARN_UNINITIALIZED_AUTOS = YES_AGGRESSIVE;
				GCC_WARN_UNUSED_FUNCTION = YES;
				GCC_WARN_UNUSED_VARIABLE = YES;
				IPHONEOS_DEPLOYMENT_TARGET = 11.0;
				MTL_ENABLE_DEBUG_INFO = NO;
				MTL_FAST_MATH = YES;
				SDKROOT = iphoneos;
				SWIFT_COMPILATION_MODE = wholemodule;
				SWIFT_OPTIMIZATION_LEVEL = "-O";
				VALIDATE_PRODUCT = YES;
			};
			name = Release;
		};
		778ADBCE2812D7550021EDFF /* Debug */ = {
			isa = XCBuildConfiguration;
			buildSettings = {
				ASSETCATALOG_COMPILER_APPICON_NAME = AppIcon;
				ASSETCATALOG_COMPILER_GLOBAL_ACCENT_COLOR_NAME = AccentColor;
				CODE_SIGN_STYLE = Automatic;
				CURRENT_PROJECT_VERSION = 1;
				DEVELOPMENT_TEAM = L6VZS75SYY;
				GENERATE_INFOPLIST_FILE = YES;
				INFOPLIST_FILE = RecipeSearch/Info.plist;
				INFOPLIST_KEY_UIApplicationSupportsIndirectInputEvents = YES;
				INFOPLIST_KEY_UILaunchStoryboardName = LaunchScreen;
				INFOPLIST_KEY_UISupportedInterfaceOrientations = UIInterfaceOrientationPortrait;
				INFOPLIST_KEY_UISupportedInterfaceOrientations_iPad = "UIInterfaceOrientationPortrait UIInterfaceOrientationPortraitUpsideDown UIInterfaceOrientationLandscapeLeft UIInterfaceOrientationLandscapeRight";
				INFOPLIST_KEY_UISupportedInterfaceOrientations_iPhone = "UIInterfaceOrientationPortrait UIInterfaceOrientationLandscapeLeft UIInterfaceOrientationLandscapeRight";
				IPHONEOS_DEPLOYMENT_TARGET = 11.0;
				LD_RUNPATH_SEARCH_PATHS = (
					"$(inherited)",
					"@executable_path/Frameworks",
				);
				MARKETING_VERSION = 1.0;
				PRODUCT_BUNDLE_IDENTIFIER = com.youssef.RecipeSearch;
				PRODUCT_NAME = "$(TARGET_NAME)";
				SWIFT_EMIT_LOC_STRINGS = YES;
				SWIFT_VERSION = 5.0;
				TARGETED_DEVICE_FAMILY = 1;
			};
			name = Debug;
		};
		778ADBCF2812D7550021EDFF /* Release */ = {
			isa = XCBuildConfiguration;
			buildSettings = {
				ASSETCATALOG_COMPILER_APPICON_NAME = AppIcon;
				ASSETCATALOG_COMPILER_GLOBAL_ACCENT_COLOR_NAME = AccentColor;
				CODE_SIGN_STYLE = Automatic;
				CURRENT_PROJECT_VERSION = 1;
				DEVELOPMENT_TEAM = L6VZS75SYY;
				GENERATE_INFOPLIST_FILE = YES;
				INFOPLIST_FILE = RecipeSearch/Info.plist;
				INFOPLIST_KEY_UIApplicationSupportsIndirectInputEvents = YES;
				INFOPLIST_KEY_UILaunchStoryboardName = LaunchScreen;
				INFOPLIST_KEY_UISupportedInterfaceOrientations = UIInterfaceOrientationPortrait;
				INFOPLIST_KEY_UISupportedInterfaceOrientations_iPad = "UIInterfaceOrientationPortrait UIInterfaceOrientationPortraitUpsideDown UIInterfaceOrientationLandscapeLeft UIInterfaceOrientationLandscapeRight";
				INFOPLIST_KEY_UISupportedInterfaceOrientations_iPhone = "UIInterfaceOrientationPortrait UIInterfaceOrientationLandscapeLeft UIInterfaceOrientationLandscapeRight";
				IPHONEOS_DEPLOYMENT_TARGET = 11.0;
				LD_RUNPATH_SEARCH_PATHS = (
					"$(inherited)",
					"@executable_path/Frameworks",
				);
				MARKETING_VERSION = 1.0;
				PRODUCT_BUNDLE_IDENTIFIER = com.youssef.RecipeSearch;
				PRODUCT_NAME = "$(TARGET_NAME)";
				SWIFT_EMIT_LOC_STRINGS = YES;
				SWIFT_VERSION = 5.0;
				TARGETED_DEVICE_FAMILY = 1;
			};
			name = Release;
		};
/* End XCBuildConfiguration section */

/* Begin XCConfigurationList section */
		778ADBB42812D7530021EDFF /* Build configuration list for PBXProject "RecipeSearch" */ = {
			isa = XCConfigurationList;
			buildConfigurations = (
				778ADBCB2812D7550021EDFF /* Debug */,
				778ADBCC2812D7550021EDFF /* Release */,
			);
			defaultConfigurationIsVisible = 0;
			defaultConfigurationName = Release;
		};
		778ADBCD2812D7550021EDFF /* Build configuration list for PBXNativeTarget "RecipeSearch" */ = {
			isa = XCConfigurationList;
			buildConfigurations = (
				778ADBCE2812D7550021EDFF /* Debug */,
				778ADBCF2812D7550021EDFF /* Release */,
			);
			defaultConfigurationIsVisible = 0;
			defaultConfigurationName = Release;
		};
/* End XCConfigurationList section */

/* Begin XCRemoteSwiftPackageReference section */
		7738A9CE2817506700152E25 /* XCRemoteSwiftPackageReference "Kingfisher" */ = {
			isa = XCRemoteSwiftPackageReference;
			repositoryURL = "https://github.com/onevcat/Kingfisher";
			requirement = {
				kind = exactVersion;
				version = 6.0.0;
			};
		};
		77AB2C7C2812E5A100C3055F /* XCRemoteSwiftPackageReference "Alamofire" */ = {
			isa = XCRemoteSwiftPackageReference;
			repositoryURL = "https://github.com/Alamofire/Alamofire";
			requirement = {
				branch = master;
				kind = branch;
			};
		};
		77AB2C7F2812E75900C3055F /* XCRemoteSwiftPackageReference "RxSwift" */ = {
			isa = XCRemoteSwiftPackageReference;
			repositoryURL = "https://github.com/ReactiveX/RxSwift";
			requirement = {
				kind = upToNextMajorVersion;
				minimumVersion = 6.0.0;
			};
		};
/* End XCRemoteSwiftPackageReference section */

/* Begin XCSwiftPackageProductDependency section */
		7738A9CF2817506700152E25 /* Kingfisher */ = {
			isa = XCSwiftPackageProductDependency;
			package = 7738A9CE2817506700152E25 /* XCRemoteSwiftPackageReference "Kingfisher" */;
			productName = Kingfisher;
		};
		77AB2C7D2812E5A100C3055F /* Alamofire */ = {
			isa = XCSwiftPackageProductDependency;
			package = 77AB2C7C2812E5A100C3055F /* XCRemoteSwiftPackageReference "Alamofire" */;
			productName = Alamofire;
		};
		77AB2C802812E75900C3055F /* RxCocoa */ = {
			isa = XCSwiftPackageProductDependency;
			package = 77AB2C7F2812E75900C3055F /* XCRemoteSwiftPackageReference "RxSwift" */;
			productName = RxCocoa;
		};
		77AB2C822812E75900C3055F /* RxSwift */ = {
			isa = XCSwiftPackageProductDependency;
			package = 77AB2C7F2812E75900C3055F /* XCRemoteSwiftPackageReference "RxSwift" */;
			productName = RxSwift;
		};
/* End XCSwiftPackageProductDependency section */
	};
	rootObject = 778ADBB12812D7530021EDFF /* Project object */;
}
